
Microsoft Visual Studio Solution File, Format Version 11.00
# Visual Studio 2010
Project("{FAE04EC0-301F-11D3-BF4B-00C04F79EFBC}") = "Assembly-CSharp", "Assembly-CSharp.csproj", "{5E2F4C5D-3EB6-293B-0E77-4E2E516237A5}"
EndProject
Project("{FAE04EC0-301F-11D3-BF4B-00C04F79EFBC}") = "Assembly-CSharp-firstpass", "Assembly-CSharp-firstpass.csproj", "{FD83EC12-D396-B2E3-21B3-65A483CBEAB4}"
EndProject
Project("{FAE04EC0-301F-11D3-BF4B-00C04F79EFBC}") = "Assembly-CSharp-Editor-firstpass", "Assembly-CSharp-Editor-firstpass.csproj", "{AB0EF4F6-E579-1AE9-6656-9304E37F8877}"
EndProject
Global
	GlobalSection(SolutionConfigurationPlatforms) = preSolution
		Debug|Any CPU = Debug|Any CPU
		Release|Any CPU = Release|Any CPU
	EndGlobalSection
	GlobalSection(ProjectConfigurationPlatforms) = postSolution
		{5E2F4C5D-3EB6-293B-0E77-4E2E516237A5}.Debug|Any CPU.ActiveCfg = Debug|Any CPU
		{5E2F4C5D-3EB6-293B-0E77-4E2E516237A5}.Debug|Any CPU.Build.0 = Debug|Any CPU
		{5E2F4C5D-3EB6-293B-0E77-4E2E516237A5}.Release|Any CPU.ActiveCfg = Release|Any CPU
		{5E2F4C5D-3EB6-293B-0E77-4E2E516237A5}.Release|Any CPU.Build.0 = Release|Any CPU
		{FD83EC12-D396-B2E3-21B3-65A483CBEAB4}.Debug|Any CPU.ActiveCfg = Debug|Any CPU
		{FD83EC12-D396-B2E3-21B3-65A483CBEAB4}.Debug|Any CPU.Build.0 = Debug|Any CPU
		{FD83EC12-D396-B2E3-21B3-65A483CBEAB4}.Release|Any CPU.ActiveCfg = Release|Any CPU
		{FD83EC12-D396-B2E3-21B3-65A483CBEAB4}.Release|Any CPU.Build.0 = Release|Any CPU
		{AB0EF4F6-E579-1AE9-6656-9304E37F8877}.Debug|Any CPU.ActiveCfg = Debug|Any CPU
		{AB0EF4F6-E579-1AE9-6656-9304E37F8877}.Debug|Any CPU.Build.0 = Debug|Any CPU
		{AB0EF4F6-E579-1AE9-6656-9304E37F8877}.Release|Any CPU.ActiveCfg = Release|Any CPU
		{AB0EF4F6-E579-1AE9-6656-9304E37F8877}.Release|Any CPU.Build.0 = Release|Any CPU
	EndGlobalSection
	GlobalSection(SolutionProperties) = preSolution
		HideSolutionNode = FALSE
	EndGlobalSection
EndGlobal
